
Microsoft Visual Studio Solution File, Format Version 9.00
# Visual Studio 2005
Project("{8BC9CEB8-8B4A-11D0-8D11-00A0C91BC942}") = "epod", "epod\epod.vcproj", "{875365C0-F1B3-4D30-833B-745390275E3D}"
EndProject
Project("{8BC9CEB8-8B4A-11D0-8D11-00A0C91BC942}") = "ball_attack", "games\ball_attack\src\ball_attack.vcproj", "{82960A96-863D-4E82-9CA6-36982361F526}"
	ProjectSection(ProjectDependencies) = postProject
		{875365C0-F1B3-4D30-833B-745390275E3D} = {875365C0-F1B3-4D30-833B-745390275E3D}
	EndProjectSection
EndProject
Global
	GlobalSection(SolutionConfigurationPlatforms) = preSolution
		Debug|Win32 = Debug|Win32
		Release|Win32 = Release|Win32
	EndGlobalSection
	GlobalSection(ProjectConfigurationPlatforms) = postSolution
		{51221CC8-CBCD-42AA-AC95-CD385DC3F46E}.Debug|Win32.ActiveCfg = Debug|Win32
		{51221CC8-CBCD-42AA-AC95-CD385DC3F46E}.Debug|Win32.Build.0 = Debug|Win32
		{51221CC8-CBCD-42AA-AC95-CD385DC3F46E}.Release|Win32.ActiveCfg = Release|Win32
		{51221CC8-CBCD-42AA-AC95-CD385DC3F46E}.Release|Win32.Build.0 = Release|Win32
		{875365C0-F1B3-4D30-833B-745390275E3D}.Debug|Win32.ActiveCfg = Debug|Win32
		{875365C0-F1B3-4D30-833B-745390275E3D}.Debug|Win32.Build.0 = Debug|Win32
		{875365C0-F1B3-4D30-833B-745390275E3D}.Release|Win32.ActiveCfg = Release|Win32
		{875365C0-F1B3-4D30-833B-745390275E3D}.Release|Win32.Build.0 = Release|Win32
		{EC1969BB-906C-43E6-BB27-C423E459762F}.Debug|Win32.ActiveCfg = Debug|Win32
		{EC1969BB-906C-43E6-BB27-C423E459762F}.Debug|Win32.Build.0 = Debug|Win32
		{EC1969BB-906C-43E6-BB27-C423E459762F}.Release|Win32.ActiveCfg = Release|Win32
		{EC1969BB-906C-43E6-BB27-C423E459762F}.Release|Win32.Build.0 = Release|Win32
		{C01C88CE-A088-428E-AAD9-E59417142A76}.Debug|Win32.ActiveCfg = Debug|Win32
		{C01C88CE-A088-428E-AAD9-E59417142A76}.Debug|Win32.Build.0 = Debug|Win32
		{C01C88CE-A088-428E-AAD9-E59417142A76}.Release|Win32.ActiveCfg = Release|Win32
		{C01C88CE-A088-428E-AAD9-E59417142A76}.Release|Win32.Build.0 = Release|Win32
		{82960A96-863D-4E82-9CA6-36982361F526}.Debug|Win32.ActiveCfg = Debug|Win32
		{82960A96-863D-4E82-9CA6-36982361F526}.Debug|Win32.Build.0 = Debug|Win32
		{82960A96-863D-4E82-9CA6-36982361F526}.Release|Win32.ActiveCfg = Release|Win32
		{82960A96-863D-4E82-9CA6-36982361F526}.Release|Win32.Build.0 = Release|Win32
	EndGlobalSection
	GlobalSection(SolutionProperties) = preSolution
		HideSolutionNode = FALSE
	EndGlobalSection
EndGlobal
